
Microsoft Visual Studio Solution File, Format Version 12.00
# Visual Studio Version 17
VisualStudioVersion = 17.14.37216.2 d17.14
MinimumVisualStudioVersion = 10.0.40219.1
Project("{FAE04EC0-301F-11D3-BF4B-00C04F79EFBC}") = "Executor", "Executor\Executor.csproj", "{CC7B7EF3-1384-485B-BAC4-CA58D075333D}"
EndProject
Global
	GlobalSection(SolutionConfigurationPlatforms) = preSolution
		Debug|Any CPU = Debug|Any CPU
		Release|Any CPU = Release|Any CPU
	EndGlobalSection
	GlobalSection(ProjectConfigurationPlatforms) = postSolution
		{CC7B7EF3-1384-485B-BAC4-CA58D075333D}.Debug|Any CPU.ActiveCfg = Debug|Any CPU
		{CC7B7EF3-1384-485B-BAC4-CA58D075333D}.Debug|Any CPU.Build.0 = Debug|Any CPU
		{CC7B7EF3-1384-485B-BAC4-CA58D075333D}.Release|Any CPU.ActiveCfg = Release|Any CPU
		{CC7B7EF3-1384-485B-BAC4-CA58D075333D}.Release|Any CPU.Build.0 = Release|Any CPU
	EndGlobalSection
	GlobalSection(SolutionProperties) = preSolution
		HideSolutionNode = FALSE
	EndGlobalSection
	GlobalSection(ExtensibilityGlobals) = postSolution
		SolutionGuid = {CAC6F36A-9A00-4030-AA9A-80646AB1B892}
	EndGlobalSection
EndGlobal
